
Microsoft Visual Studio Solution File, Format Version 12.00
# Visual Studio Version 17
VisualStudioVersion = 17.10.35013.160
MinimumVisualStudioVersion = 10.0.40219.1
Project("{FAE04EC0-301F-11D3-BF4B-00C04F79EFBC}") = "BookAppMVC", "BookAppMVC\BookAppMVC.csproj", "{30B42EC6-8B40-4918-92DF-3C5E1356A0D7}"
EndProject
Global
	GlobalSection(SolutionConfigurationPlatforms) = preSolution
		Debug|Any CPU = Debug|Any CPU
		Release|Any CPU = Release|Any CPU
	EndGlobalSection
	GlobalSection(ProjectConfigurationPlatforms) = postSolution
		{30B42EC6-8B40-4918-92DF-3C5E1356A0D7}.Debug|Any CPU.ActiveCfg = Debug|Any CPU
		{30B42EC6-8B40-4918-92DF-3C5E1356A0D7}.Debug|Any CPU.Build.0 = Debug|Any CPU
		{30B42EC6-8B40-4918-92DF-3C5E1356A0D7}.Release|Any CPU.ActiveCfg = Release|Any CPU
		{30B42EC6-8B40-4918-92DF-3C5E1356A0D7}.Release|Any CPU.Build.0 = Release|Any CPU
	EndGlobalSection
	GlobalSection(SolutionProperties) = preSolution
		HideSolutionNode = FALSE
	EndGlobalSection
	GlobalSection(ExtensibilityGlobals) = postSolution
		SolutionGuid = {C9CDD66A-209D-42C0-A8CB-7CBBAF9A22CF}
	EndGlobalSection
EndGlobal
